{
  "name": "javadatas",
  "version": "1.0.0",
  "lockfileVersion": 3,
  "requires": true,
  "packages": {
    "": {
      "name": "javadatas",
      "version": "1.0.0",
      "license": "ISC",
      "dependencies": {
        "javadatas": "^1.0.0"
      }
    },
    "node_modules/javadatas": {
      "version": "1.0.0",
      "resolved": "https://registry.npmjs.org/javadatas/-/javadatas-1.0.0.tgz",
      "integrity": "sha512-d/zRN2Z+3Jm1d1OwmxpFyK3oD+7zS3ok22K6kulcx9uVhbpJeU+KDyMysjmPhueQxMUnOOU3dd67PKqVp8cUOg=="
    }
  }
}
